<?xml version="1.0" encoding="UTF-8" standalone="yes" ?>
<CodeBlocks_project_file>
	<FileVersion major="1" minor="6" />
	<Project>
		<Option title="lights" />
		<Option makefile="makefile" />
		<Option pch_mode="2" />
		<Option compiler="gcc" />
		<Build>
			<Target title="Debug">
				<Option output="bin/Debug/lights" prefix_auto="1" extension_auto="1" />
				<Option object_output="obj/Debug/" />
				<Option type="1" />
				<Option compiler="gcc" />
				<Option parameters="--docroot Wt --http-address 0.0.0.0 --http-port 8080" />
				<Compiler>
					<Add option="-std=c++11" />
					<Add option="-g" />
				</Compiler>
				<Linker>
					<Add option="-I/usr/local/include -L/usr/local/lib -lwthttp -lwt -lboost_random -lboost_regex -lboost_signals -lboost_system -lboost_thread -lboost_filesystem -lboost_program_options -lboost_date_time -lcrypto" />
				</Linker>
			</Target>
			<Target title="Release">
				<Option output="bin/Release/lights" prefix_auto="1" extension_auto="1" />
				<Option object_output="obj/Release/" />
				<Option type="1" />
				<Option compiler="gcc" />
				<Option parameters="--docroot /usr/local/share/Wt --http-address 0.0.0.0 --http-port 8080" />
				<Compiler>
					<Add option="-O2" />
					<Add option="-std=c++11" />
				</Compiler>
				<Linker>
					<Add option="-s" />
				</Linker>
			</Target>
		</Build>
		<Compiler>
			<Add option="-Wall" />
			<Add option="-std=c++11" />
			<Add option="-fexceptions" />
		</Compiler>
		<Unit filename="include/Account.h" />
		<Unit filename="include/Bridge.h" />
		<Unit filename="include/BridgeScreenWidget.h" />
		<Unit filename="include/ColourConvert.h" />
		<Unit filename="include/CreateAccountWidget.h" />
		<Unit filename="include/Group.h" />
		<Unit filename="include/Hash.h" />
		<Unit filename="include/Light.h" />
		<Unit filename="include/LightManagementWidget.h" />
		<Unit filename="include/LoginWidget.h" />
		<Unit filename="include/ProfileWidget.h" />
		<Unit filename="include/Schedule.h" />
		<Unit filename="include/WelcomeScreen.h" />
		<Unit filename="src/Account.cpp" />
		<Unit filename="src/Bridge.cpp" />
		<Unit filename="src/BridgeScreenWidget.cpp" />
		<Unit filename="src/ColourConvert.cpp" />
		<Unit filename="src/CreateAccountWidget.cpp" />
		<Unit filename="src/Group.cpp" />
		<Unit filename="src/Hash.cpp" />
		<Unit filename="src/Light.cpp" />
		<Unit filename="src/LightManagementWidget.cpp" />
		<Unit filename="src/LoginWidget.cpp" />
		<Unit filename="src/MainApplication.cpp" />
		<Unit filename="src/ProfileWidget.cpp" />
		<Unit filename="src/Schedule.cpp" />
		<Unit filename="src/WelcomeScreen.cpp" />
		<Extensions>
			<code_completion />
			<envvars />
			<debugger />
		</Extensions>
	</Project>
</CodeBlocks_project_file>
